// !$*UTF8*$!
{
	archiveVersion = 1;
	classes = {
	};
	objectVersion = 77;
	objects = {

/* Begin PBXBuildFile section */
		13556B55D1374097A6CE725A /* Pods_BlendAR2.framework in Frameworks */ = {isa = PBXBuildFile; fileRef = 2A40F600BA962BD75653A8A1 /* Pods_BlendAR2.framework */; };
		9C1B14072D2D878F004532BA /* SceneKit.framework in Frameworks */ = {isa = PBXBuildFile; fileRef = 9C1B14062D2D878F004532BA /* SceneKit.framework */; };
		9CDE84D92D2DF7B200072B81 /* AdSupport.framework in Frameworks */ = {isa = PBXBuildFile; fileRef = 9CDE84D82D2DF7B200072B81 /* AdSupport.framework */; };
/* End PBXBuildFile section */

/* Begin PBXContainerItemProxy section */
		9C3F3D772D2D3024000596C2 /* PBXContainerItemProxy */ = {
			isa = PBXContainerItemProxy;
			containerPortal = 9C3F3D5E2D2D3022000596C2 /* Project object */;
			proxyType = 1;
			remoteGlobalIDString = 9C3F3D652D2D3022000596C2;
			remoteInfo = BlendAR2;
		};
		9C3F3D812D2D3024000596C2 /* PBXContainerItemProxy */ = {
			isa = PBXContainerItemProxy;
			containerPortal = 9C3F3D5E2D2D3022000596C2 /* Project object */;
			proxyType = 1;
			remoteGlobalIDString = 9C3F3D652D2D3022000596C2;
			remoteInfo = BlendAR2;
		};
/* End PBXContainerItemProxy section */

/* Begin PBXFileReference section */
		244A6A277EDAB2841A509A15 /* Pods-BlendAR2.debug.xcconfig */ = {isa = PBXFileReference; includeInIndex = 1; lastKnownFileType = text.xcconfig; name = "Pods-BlendAR2.debug.xcconfig"; path = "Target Support Files/Pods-BlendAR2/Pods-BlendAR2.debug.xcconfig"; sourceTree = "<group>"; };
		2A40F600BA962BD75653A8A1 /* Pods_BlendAR2.framework */ = {isa = PBXFileReference; explicitFileType = wrapper.framework; includeInIndex = 0; path = Pods_BlendAR2.framework; sourceTree = BUILT_PRODUCTS_DIR; };
		6AD4A206C30EE086C2AF58C0 /* Pods-BlendAR2.release.xcconfig */ = {isa = PBXFileReference; includeInIndex = 1; lastKnownFileType = text.xcconfig; name = "Pods-BlendAR2.release.xcconfig"; path = "Target Support Files/Pods-BlendAR2/Pods-BlendAR2.release.xcconfig"; sourceTree = "<group>"; };
		9C1B14062D2D878F004532BA /* SceneKit.framework */ = {isa = PBXFileReference; lastKnownFileType = wrapper.framework; name = SceneKit.framework; path = System/Library/Frameworks/SceneKit.framework; sourceTree = SDKROOT; };
		9C3F3D662D2D3022000596C2 /* BlendAR2.app */ = {isa = PBXFileReference; explicitFileType = wrapper.application; includeInIndex = 0; path = BlendAR2.app; sourceTree = BUILT_PRODUCTS_DIR; };
		9C3F3D762D2D3024000596C2 /* BlendAR2Tests.xctest */ = {isa = PBXFileReference; explicitFileType = wrapper.cfbundle; includeInIndex = 0; path = BlendAR2Tests.xctest; sourceTree = BUILT_PRODUCTS_DIR; };
		9C3F3D802D2D3024000596C2 /* BlendAR2UITests.xctest */ = {isa = PBXFileReference; explicitFileType = wrapper.cfbundle; includeInIndex = 0; path = BlendAR2UITests.xctest; sourceTree = BUILT_PRODUCTS_DIR; };
		9CDE84D82D2DF7B200072B81 /* AdSupport.framework */ = {isa = PBXFileReference; lastKnownFileType = wrapper.framework; name = AdSupport.framework; path = System/Library/Frameworks/AdSupport.framework; sourceTree = SDKROOT; };
/* End PBXFileReference section */

/* Begin PBXFileSystemSynchronizedRootGroup section */
		9C3F3D682D2D3022000596C2 /* BlendAR2 */ = {
			isa = PBXFileSystemSynchronizedRootGroup;
			path = BlendAR2;
			sourceTree = "<group>";
		};
		9C3F3D792D2D3024000596C2 /* BlendAR2Tests */ = {
			isa = PBXFileSystemSynchronizedRootGroup;
			path = BlendAR2Tests;
			sourceTree = "<group>";
		};
		9C3F3D832D2D3024000596C2 /* BlendAR2UITests */ = {
			isa = PBXFileSystemSynchronizedRootGroup;
			path = BlendAR2UITests;
			sourceTree = "<group>";
		};
/* End PBXFileSystemSynchronizedRootGroup section */

/* Begin PBXFrameworksBuildPhase section */
		9C3F3D632D2D3022000596C2 /* Frameworks */ = {
			isa = PBXFrameworksBuildPhase;
			buildActionMask = 2147483647;
			files = (
				9C1B14072D2D878F004532BA /* SceneKit.framework in Frameworks */,
				13556B55D1374097A6CE725A /* Pods_BlendAR2.framework in Frameworks */,
				9CDE84D92D2DF7B200072B81 /* AdSupport.framework in Frameworks */,
			);
			runOnlyForDeploymentPostprocessing = 0;
		};
		9C3F3D732D2D3024000596C2 /* Frameworks */ = {
			isa = PBXFrameworksBuildPhase;
			buildActionMask = 2147483647;
			files = (
			);
			runOnlyForDeploymentPostprocessing = 0;
		};
		9C3F3D7D2D2D3024000596C2 /* Frameworks */ = {
			isa = PBXFrameworksBuildPhase;
			buildActionMask = 2147483647;
			files = (
			);
			runOnlyForDeploymentPostprocessing = 0;
		};
/* End PBXFrameworksBuildPhase section */

/* Begin PBXGroup section */
		0BA4F03CBB504B27E748C161 /* Pods */ = {
			isa = PBXGroup;
			children = (
				244A6A277EDAB2841A509A15 /* Pods-BlendAR2.debug.xcconfig */,
				6AD4A206C30EE086C2AF58C0 /* Pods-BlendAR2.release.xcconfig */,
			);
			path = Pods;
			sourceTree = "<group>";
		};
		3CDD4D19140EF34635838C54 /* Frameworks */ = {
			isa = PBXGroup;
			children = (
				9CDE84D82D2DF7B200072B81 /* AdSupport.framework */,
				9C1B14062D2D878F004532BA /* SceneKit.framework */,
				2A40F600BA962BD75653A8A1 /* Pods_BlendAR2.framework */,
			);
			name = Frameworks;
			sourceTree = "<group>";
		};
		9C3F3D5D2D2D3022000596C2 = {
			isa = PBXGroup;
			children = (
				9C3F3D682D2D3022000596C2 /* BlendAR2 */,
				9C3F3D792D2D3024000596C2 /* BlendAR2Tests */,
				9C3F3D832D2D3024000596C2 /* BlendAR2UITests */,
				9C3F3D672D2D3022000596C2 /* Products */,
				0BA4F03CBB504B27E748C161 /* Pods */,
				3CDD4D19140EF34635838C54 /* Frameworks */,
			);
			sourceTree = "<group>";
		};
		9C3F3D672D2D3022000596C2 /* Products */ = {
			isa = PBXGroup;
			children = (
				9C3F3D662D2D3022000596C2 /* BlendAR2.app */,
				9C3F3D762D2D3024000596C2 /* BlendAR2Tests.xctest */,
				9C3F3D802D2D3024000596C2 /* BlendAR2UITests.xctest */,
			);
			name = Products;
			sourceTree = "<group>";
		};
/* End PBXGroup section */

/* Begin PBXNativeTarget section */
		9C3F3D652D2D3022000596C2 /* BlendAR2 */ = {
			isa = PBXNativeTarget;
			buildConfigurationList = 9C3F3D8A2D2D3024000596C2 /* Build configuration list for PBXNativeTarget "BlendAR2" */;
			buildPhases = (
				9D0491D337B36D013911B89A /* [CP] Check Pods Manifest.lock */,
				9C3F3D622D2D3022000596C2 /* Sources */,
				9C3F3D632D2D3022000596C2 /* Frameworks */,
				9C3F3D642D2D3022000596C2 /* Resources */,
				E0E76D652F6E6C7DE6B9B9C8 /* [CP] Embed Pods Frameworks */,
			);
			buildRules = (
			);
			dependencies = (
			);
			fileSystemSynchronizedGroups = (
				9C3F3D682D2D3022000596C2 /* BlendAR2 */,
			);
			name = BlendAR2;
			productName = BlendAR2;
			productReference = 9C3F3D662D2D3022000596C2 /* BlendAR2.app */;
			productType = "com.apple.product-type.application";
		};
		9C3F3D752D2D3024000596C2 /* BlendAR2Tests */ = {
			isa = PBXNativeTarget;
			buildConfigurationList = 9C3F3D8D2D2D3024000596C2 /* Build configuration list for PBXNativeTarget "BlendAR2Tests" */;
			buildPhases = (
				9C3F3D722D2D3024000596C2 /* Sources */,
				9C3F3D732D2D3024000596C2 /* Frameworks */,
				9C3F3D742D2D3024000596C2 /* Resources */,
			);
			buildRules = (
			);
			dependencies = (
				9C3F3D782D2D3024000596C2 /* PBXTargetDependency */,
			);
			fileSystemSynchronizedGroups = (
				9C3F3D792D2D3024000596C2 /* BlendAR2Tests */,
			);
			name = BlendAR2Tests;
			productName = BlendAR2Tests;
			productReference = 9C3F3D762D2D3024000596C2 /* BlendAR2Tests.xctest */;
			productType = "com.apple.product-type.bundle.unit-test";
		};
		9C3F3D7F2D2D3024000596C2 /* BlendAR2UITests */ = {
			isa = PBXNativeTarget;
			buildConfigurationList = 9C3F3D902D2D3024000596C2 /* Build configuration list for PBXNativeTarget "BlendAR2UITests" */;
			buildPhases = (
				9C3F3D7C2D2D3024000596C2 /* Sources */,
				9C3F3D7D2D2D3024000596C2 /* Frameworks */,
				9C3F3D7E2D2D3024000596C2 /* Resources */,
			);
			buildRules = (
			);
			dependencies = (
				9C3F3D822D2D3024000596C2 /* PBXTargetDependency */,
			);
			fileSystemSynchronizedGroups = (
				9C3F3D832D2D3024000596C2 /* BlendAR2UITests */,
			);
			name = BlendAR2UITests;
			productName = BlendAR2UITests;
			productReference = 9C3F3D802D2D3024000596C2 /* BlendAR2UITests.xctest */;
			productType = "com.apple.product-type.bundle.ui-testing";
		};
/* End PBXNativeTarget section */

/* Begin PBXProject section */
		9C3F3D5E2D2D3022000596C2 /* Project object */ = {
			isa = PBXProject;
			attributes = {
				BuildIndependentTargetsInParallel = 1;
				LastSwiftUpdateCheck = 1620;
				LastUpgradeCheck = 1620;
				TargetAttributes = {
					9C3F3D652D2D3022000596C2 = {
						CreatedOnToolsVersion = 16.2;
					};
					9C3F3D752D2D3024000596C2 = {
						CreatedOnToolsVersion = 16.2;
						TestTargetID = 9C3F3D652D2D3022000596C2;
					};
					9C3F3D7F2D2D3024000596C2 = {
						CreatedOnToolsVersion = 16.2;
						TestTargetID = 9C3F3D652D2D3022000596C2;
					};
				};
			};
			buildConfigurationList = 9C3F3D612D2D3022000596C2 /* Build configuration list for PBXProject "BlendAR2" */;
			developmentRegion = en;
			hasScannedForEncodings = 0;
			knownRegions = (
				en,
				Base,
			);
			mainGroup = 9C3F3D5D2D2D3022000596C2;
			minimizedProjectReferenceProxies = 1;
			preferredProjectObjectVersion = 77;
			productRefGroup = 9C3F3D672D2D3022000596C2 /* Products */;
			projectDirPath = "";
			projectRoot = "";
			targets = (
				9C3F3D652D2D3022000596C2 /* BlendAR2 */,
				9C3F3D752D2D3024000596C2 /* BlendAR2Tests */,
				9C3F3D7F2D2D3024000596C2 /* BlendAR2UITests */,
			);
		};
/* End PBXProject section */

/* Begin PBXResourcesBuildPhase section */
		9C3F3D642D2D3022000596C2 /* Resources */ = {
			isa = PBXResourcesBuildPhase;
			buildActionMask = 2147483647;
			files = (
			);
			runOnlyForDeploymentPostprocessing = 0;
		};
		9C3F3D742D2D3024000596C2 /* Resources */ = {
			isa = PBXResourcesBuildPhase;
			buildActionMask = 2147483647;
			files = (
			);
			runOnlyForDeploymentPostprocessing = 0;
		};
		9C3F3D7E2D2D3024000596C2 /* Resources */ = {
			isa = PBXResourcesBuildPhase;
			buildActionMask = 2147483647;
			files = (
			);
			runOnlyForDeploymentPostprocessing = 0;
		};
/* End PBXResourcesBuildPhase section */

/* Begin PBXShellScriptBuildPhase section */
		9D0491D337B36D013911B89A /* [CP] Check Pods Manifest.lock */ = {
			isa = PBXShellScriptBuildPhase;
			buildActionMask = 2147483647;
			files = (
			);
			inputFileListPaths = (
			);
			inputPaths = (
				"${PODS_PODFILE_DIR_PATH}/Podfile.lock",
				"${PODS_ROOT}/Manifest.lock",
			);
			name = "[CP] Check Pods Manifest.lock";
			outputFileListPaths = (
			);
			outputPaths = (
				"$(DERIVED_FILE_DIR)/Pods-BlendAR2-checkManifestLockResult.txt",
			);
			runOnlyForDeploymentPostprocessing = 0;
			shellPath = /bin/sh;
			shellScript = "diff \"${PODS_PODFILE_DIR_PATH}/Podfile.lock\" \"${PODS_ROOT}/Manifest.lock\" > /dev/null\nif [ $? != 0 ] ; then\n    # print error to STDERR\n    echo \"error: The sandbox is not in sync with the Podfile.lock. Run 'pod install' or update your CocoaPods installation.\" >&2\n    exit 1\nfi\n# This output is used by Xcode 'outputs' to avoid re-running this script phase.\necho \"SUCCESS\" > \"${SCRIPT_OUTPUT_FILE_0}\"\n";
			showEnvVarsInLog = 0;
		};
		E0E76D652F6E6C7DE6B9B9C8 /* [CP] Embed Pods Frameworks */ = {
			isa = PBXShellScriptBuildPhase;
			buildActionMask = 2147483647;
			files = (
			);
			inputFileListPaths = (
				"${PODS_ROOT}/Target Support Files/Pods-BlendAR2/Pods-BlendAR2-frameworks-${CONFIGURATION}-input-files.xcfilelist",
			);
			name = "[CP] Embed Pods Frameworks";
			outputFileListPaths = (
				"${PODS_ROOT}/Target Support Files/Pods-BlendAR2/Pods-BlendAR2-frameworks-${CONFIGURATION}-output-files.xcfilelist",
			);
			runOnlyForDeploymentPostprocessing = 0;
			shellPath = /bin/sh;
			shellScript = "\"${PODS_ROOT}/Target Support Files/Pods-BlendAR2/Pods-BlendAR2-frameworks.sh\"\n";
			showEnvVarsInLog = 0;
		};
/* End PBXShellScriptBuildPhase section */

/* Begin PBXSourcesBuildPhase section */
		9C3F3D622D2D3022000596C2 /* Sources */ = {
			isa = PBXSourcesBuildPhase;
			buildActionMask = 2147483647;
			files = (
			);
			runOnlyForDeploymentPostprocessing = 0;
		};
		9C3F3D722D2D3024000596C2 /* Sources */ = {
			isa = PBXSourcesBuildPhase;
			buildActionMask = 2147483647;
			files = (
			);
			runOnlyForDeploymentPostprocessing = 0;
		};
		9C3F3D7C2D2D3024000596C2 /* Sources */ = {
			isa = PBXSourcesBuildPhase;
			buildActionMask = 2147483647;
			files = (
			);
			runOnlyForDeploymentPostprocessing = 0;
		};
/* End PBXSourcesBuildPhase section */

/* Begin PBXTargetDependency section */
		9C3F3D782D2D3024000596C2 /* PBXTargetDependency */ = {
			isa = PBXTargetDependency;
			target = 9C3F3D652D2D3022000596C2 /* BlendAR2 */;
			targetProxy = 9C3F3D772D2D3024000596C2 /* PBXContainerItemProxy */;
		};
		9C3F3D822D2D3024000596C2 /* PBXTargetDependency */ = {
			isa = PBXTargetDependency;
			target = 9C3F3D652D2D3022000596C2 /* BlendAR2 */;
			targetProxy = 9C3F3D812D2D3024000596C2 /* PBXContainerItemProxy */;
		};
/* End PBXTargetDependency section */

/* Begin XCBuildConfiguration section */
		9C3F3D882D2D3024000596C2 /* Debug */ = {
			isa = XCBuildConfiguration;
			buildSettings = {
				ALWAYS_SEARCH_USER_PATHS = NO;
				ASSETCATALOG_COMPILER_GENERATE_SWIFT_ASSET_SYMBOL_EXTENSIONS = YES;
				CLANG_ANALYZER_NONNULL = YES;
				CLANG_ANALYZER_NUMBER_OBJECT_CONVERSION = YES_AGGRESSIVE;
				CLANG_CXX_LANGUAGE_STANDARD = "gnu++20";
				CLANG_ENABLE_MODULES = YES;
				CLANG_ENABLE_OBJC_ARC = YES;
				CLANG_ENABLE_OBJC_WEAK = YES;
				CLANG_WARN_BLOCK_CAPTURE_AUTORELEASING = YES;
				CLANG_WARN_BOOL_CONVERSION = YES;
				CLANG_WARN_COMMA = YES;
				CLANG_WARN_CONSTANT_CONVERSION = YES;
				CLANG_WARN_DEPRECATED_OBJC_IMPLEMENTATIONS = YES;
				CLANG_WARN_DIRECT_OBJC_ISA_USAGE = YES_ERROR;
				CLANG_WARN_DOCUMENTATION_COMMENTS = YES;
				CLANG_WARN_EMPTY_BODY = YES;
				CLANG_WARN_ENUM_CONVERSION = YES;
				CLANG_WARN_INFINITE_RECURSION = YES;
				CLANG_WARN_INT_CONVERSION = YES;
				CLANG_WARN_NON_LITERAL_NULL_CONVERSION = YES;
				CLANG_WARN_OBJC_IMPLICIT_RETAIN_SELF = YES;
				CLANG_WARN_OBJC_LITERAL_CONVERSION = YES;
				CLANG_WARN_OBJC_ROOT_CLASS = YES_ERROR;
				CLANG_WARN_QUOTED_INCLUDE_IN_FRAMEWORK_HEADER = YES;
				CLANG_WARN_RANGE_LOOP_ANALYSIS = YES;
				CLANG_WARN_STRICT_PROTOTYPES = YES;
				CLANG_WARN_SUSPICIOUS_MOVE = YES;
				CLANG_WARN_UNGUARDED_AVAILABILITY = YES_AGGRESSIVE;
				CLANG_WARN_UNREACHABLE_CODE = YES;
				CLANG_WARN__DUPLICATE_METHOD_MATCH = YES;
				COPY_PHASE_STRIP = NO;
				DEBUG_INFORMATION_FORMAT = dwarf;
				ENABLE_STRICT_OBJC_MSGSEND = YES;
				ENABLE_TESTABILITY = YES;
				ENABLE_USER_SCRIPT_SANDBOXING = NO;
				GCC_C_LANGUAGE_STANDARD = gnu17;
				GCC_DYNAMIC_NO_PIC = NO;
				GCC_NO_COMMON_BLOCKS = YES;
				GCC_OPTIMIZATION_LEVEL = 0;
				GCC_PREPROCESSOR_DEFINITIONS = (
					"DEBUG=1",
					"$(inherited)",
				);
				GCC_WARN_64_TO_32_BIT_CONVERSION = YES;
				GCC_WARN_ABOUT_RETURN_TYPE = YES_ERROR;
				GCC_WARN_UNDECLARED_SELECTOR = YES;
				GCC_WARN_UNINITIALIZED_AUTOS = YES_AGGRESSIVE;
				GCC_WARN_UNUSED_FUNCTION = YES;
				GCC_WARN_UNUSED_VARIABLE = YES;
				IPHONEOS_DEPLOYMENT_TARGET = 18.2;
				LOCALIZATION_PREFERS_STRING_CATALOGS = YES;
				MTL_ENABLE_DEBUG_INFO = INCLUDE_SOURCE;
				MTL_FAST_MATH = YES;
				ONLY_ACTIVE_ARCH = YES;
				SDKROOT = iphoneos;
				SWIFT_ACTIVE_COMPILATION_CONDITIONS = "DEBUG $(inherited)";
				SWIFT_OPTIMIZATION_LEVEL = "-Onone";
			};
			name = Debug;
		};
		9C3F3D892D2D3024000596C2 /* Release */ = {
			isa = XCBuildConfiguration;
			buildSettings = {
				ALWAYS_SEARCH_USER_PATHS = NO;
				ASSETCATALOG_COMPILER_GENERATE_SWIFT_ASSET_SYMBOL_EXTENSIONS = YES;
				CLANG_ANALYZER_NONNULL = YES;
				CLANG_ANALYZER_NUMBER_OBJECT_CONVERSION = YES_AGGRESSIVE;
				CLANG_CXX_LANGUAGE_STANDARD = "gnu++20";
				CLANG_ENABLE_MODULES = YES;
				CLANG_ENABLE_OBJC_ARC = YES;
				CLANG_ENABLE_OBJC_WEAK = YES;
				CLANG_WARN_BLOCK_CAPTURE_AUTORELEASING = YES;
				CLANG_WARN_BOOL_CONVERSION = YES;
				CLANG_WARN_COMMA = YES;
				CLANG_WARN_CONSTANT_CONVERSION = YES;
				CLANG_WARN_DEPRECATED_OBJC_IMPLEMENTATIONS = YES;
				CLANG_WARN_DIRECT_OBJC_ISA_USAGE = YES_ERROR;
				CLANG_WARN_DOCUMENTATION_COMMENTS = YES;
				CLANG_WARN_EMPTY_BODY = YES;
				CLANG_WARN_ENUM_CONVERSION = YES;
				CLANG_WARN_INFINITE_RECURSION = YES;
				CLANG_WARN_INT_CONVERSION = YES;
				CLANG_WARN_NON_LITERAL_NULL_CONVERSION = YES;
				CLANG_WARN_OBJC_IMPLICIT_RETAIN_SELF = YES;
				CLANG_WARN_OBJC_LITERAL_CONVERSION = YES;
				CLANG_WARN_OBJC_ROOT_CLASS = YES_ERROR;
				CLANG_WARN_QUOTED_INCLUDE_IN_FRAMEWORK_HEADER = YES;
				CLANG_WARN_RANGE_LOOP_ANALYSIS = YES;
				CLANG_WARN_STRICT_PROTOTYPES = YES;
				CLANG_WARN_SUSPICIOUS_MOVE = YES;
				CLANG_WARN_UNGUARDED_AVAILABILITY = YES_AGGRESSIVE;
				CLANG_WARN_UNREACHABLE_CODE = YES;
				CLANG_WARN__DUPLICATE_METHOD_MATCH = YES;
				COPY_PHASE_STRIP = NO;
				DEBUG_INFORMATION_FORMAT = "dwarf-with-dsym";
				ENABLE_NS_ASSERTIONS = NO;
				ENABLE_STRICT_OBJC_MSGSEND = YES;
				ENABLE_USER_SCRIPT_SANDBOXING = NO;
				GCC_C_LANGUAGE_STANDARD = gnu17;
				GCC_NO_COMMON_BLOCKS = YES;
				GCC_WARN_64_TO_32_BIT_CONVERSION = YES;
				GCC_WARN_ABOUT_RETURN_TYPE = YES_ERROR;
				GCC_WARN_UNDECLARED_SELECTOR = YES;
				GCC_WARN_UNINITIALIZED_AUTOS = YES_AGGRESSIVE;
				GCC_WARN_UNUSED_FUNCTION = YES;
				GCC_WARN_UNUSED_VARIABLE = YES;
				IPHONEOS_DEPLOYMENT_TARGET = 18.2;
				LOCALIZATION_PREFERS_STRING_CATALOGS = YES;
				MTL_ENABLE_DEBUG_INFO = NO;
				MTL_FAST_MATH = YES;
				SDKROOT = iphoneos;
				SWIFT_COMPILATION_MODE = wholemodule;
				VALIDATE_PRODUCT = YES;
			};
			name = Release;
		};
		9C3F3D8B2D2D3024000596C2 /* Debug */ = {
			isa = XCBuildConfiguration;
			baseConfigurationReference = 244A6A277EDAB2841A509A15 /* Pods-BlendAR2.debug.xcconfig */;
			buildSettings = {
				ASSETCATALOG_COMPILER_APPICON_NAME = AppIcon;
				ASSETCATALOG_COMPILER_GLOBAL_ACCENT_COLOR_NAME = AccentColor;
				CODE_SIGN_STYLE = Automatic;
				CURRENT_PROJECT_VERSION = 1;
				DEVELOPMENT_ASSET_PATHS = "\"BlendAR2/Preview Content\"";
				DEVELOPMENT_TEAM = 63LPM4QQYL;
				ENABLE_PREVIEWS = YES;
				GENERATE_INFOPLIST_FILE = YES;
				INFOPLIST_KEY_NSCameraUsageDescription = "カメラの使用を許可します";
				INFOPLIST_KEY_NSLocationAlwaysAndWhenInUseUsageDescription = "常に位置情報を利用します。";
				INFOPLIST_KEY_NSLocationWhenInUseUsageDescription = "アプリ使用中に位置情報を利用します。";
				INFOPLIST_KEY_UIApplicationSceneManifest_Generation = YES;
				INFOPLIST_KEY_UIApplicationSupportsIndirectInputEvents = YES;
				INFOPLIST_KEY_UILaunchScreen_Generation = YES;
				INFOPLIST_KEY_UIStatusBarStyle = "";
				INFOPLIST_KEY_UISupportedInterfaceOrientations_iPad = "UIInterfaceOrientationPortrait UIInterfaceOrientationPortraitUpsideDown UIInterfaceOrientationLandscapeLeft UIInterfaceOrientationLandscapeRight";
				INFOPLIST_KEY_UISupportedInterfaceOrientations_iPhone = "UIInterfaceOrientationPortrait UIInterfaceOrientationLandscapeLeft UIInterfaceOrientationLandscapeRight";
				LD_RUNPATH_SEARCH_PATHS = (
					"$(inherited)",
					"@executable_path/Frameworks",
				);
				MARKETING_VERSION = 1.0;
				PRODUCT_BUNDLE_IDENTIFIER = com.image.test.BlendAR2;
				PRODUCT_NAME = "$(TARGET_NAME)";
				SWIFT_EMIT_LOC_STRINGS = YES;
				SWIFT_VERSION = 5.0;
				TARGETED_DEVICE_FAMILY = "1,2";
			};
			name = Debug;
		};
		9C3F3D8C2D2D3024000596C2 /* Release */ = {
			isa = XCBuildConfiguration;
			baseConfigurationReference = 6AD4A206C30EE086C2AF58C0 /* Pods-BlendAR2.release.xcconfig */;
			buildSettings = {
				ASSETCATALOG_COMPILER_APPICON_NAME = AppIcon;
				ASSETCATALOG_COMPILER_GLOBAL_ACCENT_COLOR_NAME = AccentColor;
				CODE_SIGN_STYLE = Automatic;
				CURRENT_PROJECT_VERSION = 1;
				DEVELOPMENT_ASSET_PATHS = "\"BlendAR2/Preview Content\"";
				DEVELOPMENT_TEAM = 63LPM4QQYL;
				ENABLE_PREVIEWS = YES;
				GENERATE_INFOPLIST_FILE = YES;
				INFOPLIST_KEY_NSCameraUsageDescription = "カメラの使用を許可します";
				INFOPLIST_KEY_NSLocationAlwaysAndWhenInUseUsageDescription = "常に位置情報を利用します。";
				INFOPLIST_KEY_NSLocationWhenInUseUsageDescription = "アプリ使用中に位置情報を利用します。";
				INFOPLIST_KEY_UIApplicationSceneManifest_Generation = YES;
				INFOPLIST_KEY_UIApplicationSupportsIndirectInputEvents = YES;
				INFOPLIST_KEY_UILaunchScreen_Generation = YES;
				INFOPLIST_KEY_UIStatusBarStyle = "";
				INFOPLIST_KEY_UISupportedInterfaceOrientations_iPad = "UIInterfaceOrientationPortrait UIInterfaceOrientationPortraitUpsideDown UIInterfaceOrientationLandscapeLeft UIInterfaceOrientationLandscapeRight";
				INFOPLIST_KEY_UISupportedInterfaceOrientations_iPhone = "UIInterfaceOrientationPortrait UIInterfaceOrientationLandscapeLeft UIInterfaceOrientationLandscapeRight";
				LD_RUNPATH_SEARCH_PATHS = (
					"$(inherited)",
					"@executable_path/Frameworks",
				);
				MARKETING_VERSION = 1.0;
				PRODUCT_BUNDLE_IDENTIFIER = com.image.test.BlendAR2;
				PRODUCT_NAME = "$(TARGET_NAME)";
				SWIFT_EMIT_LOC_STRINGS = YES;
				SWIFT_VERSION = 5.0;
				TARGETED_DEVICE_FAMILY = "1,2";
			};
			name = Release;
		};
		9C3F3D8E2D2D3024000596C2 /* Debug */ = {
			isa = XCBuildConfiguration;
			buildSettings = {
				BUNDLE_LOADER = "$(TEST_HOST)";
				CODE_SIGN_STYLE = Automatic;
				CURRENT_PROJECT_VERSION = 1;
				DEVELOPMENT_TEAM = 63LPM4QQYL;
				GENERATE_INFOPLIST_FILE = YES;
				IPHONEOS_DEPLOYMENT_TARGET = 18.2;
				MARKETING_VERSION = 1.0;
				PRODUCT_BUNDLE_IDENTIFIER = com.image.test.BlendAR2Tests;
				PRODUCT_NAME = "$(TARGET_NAME)";
				SWIFT_EMIT_LOC_STRINGS = NO;
				SWIFT_VERSION = 5.0;
				TARGETED_DEVICE_FAMILY = "1,2";
				TEST_HOST = "$(BUILT_PRODUCTS_DIR)/BlendAR2.app/$(BUNDLE_EXECUTABLE_FOLDER_PATH)/BlendAR2";
			};
			name = Debug;
		};
		9C3F3D8F2D2D3024000596C2 /* Release */ = {
			isa = XCBuildConfiguration;
			buildSettings = {
				BUNDLE_LOADER = "$(TEST_HOST)";
				CODE_SIGN_STYLE = Automatic;
				CURRENT_PROJECT_VERSION = 1;
				DEVELOPMENT_TEAM = 63LPM4QQYL;
				GENERATE_INFOPLIST_FILE = YES;
				IPHONEOS_DEPLOYMENT_TARGET = 18.2;
				MARKETING_VERSION = 1.0;
				PRODUCT_BUNDLE_IDENTIFIER = com.image.test.BlendAR2Tests;
				PRODUCT_NAME = "$(TARGET_NAME)";
				SWIFT_EMIT_LOC_STRINGS = NO;
				SWIFT_VERSION = 5.0;
				TARGETED_DEVICE_FAMILY = "1,2";
				TEST_HOST = "$(BUILT_PRODUCTS_DIR)/BlendAR2.app/$(BUNDLE_EXECUTABLE_FOLDER_PATH)/BlendAR2";
			};
			name = Release;
		};
		9C3F3D912D2D3024000596C2 /* Debug */ = {
			isa = XCBuildConfiguration;
			buildSettings = {
				CODE_SIGN_STYLE = Automatic;
				CURRENT_PROJECT_VERSION = 1;
				DEVELOPMENT_TEAM = 63LPM4QQYL;
				GENERATE_INFOPLIST_FILE = YES;
				MARKETING_VERSION = 1.0;
				PRODUCT_BUNDLE_IDENTIFIER = com.image.test.BlendAR2UITests;
				PRODUCT_NAME = "$(TARGET_NAME)";
				SWIFT_EMIT_LOC_STRINGS = NO;
				SWIFT_VERSION = 5.0;
				TARGETED_DEVICE_FAMILY = "1,2";
				TEST_TARGET_NAME = BlendAR2;
			};
			name = Debug;
		};
		9C3F3D922D2D3024000596C2 /* Release */ = {
			isa = XCBuildConfiguration;
			buildSettings = {
				CODE_SIGN_STYLE = Automatic;
				CURRENT_PROJECT_VERSION = 1;
				DEVELOPMENT_TEAM = 63LPM4QQYL;
				GENERATE_INFOPLIST_FILE = YES;
				MARKETING_VERSION = 1.0;
				PRODUCT_BUNDLE_IDENTIFIER = com.image.test.BlendAR2UITests;
				PRODUCT_NAME = "$(TARGET_NAME)";
				SWIFT_EMIT_LOC_STRINGS = NO;
				SWIFT_VERSION = 5.0;
				TARGETED_DEVICE_FAMILY = "1,2";
				TEST_TARGET_NAME = BlendAR2;
			};
			name = Release;
		};
/* End XCBuildConfiguration section */

/* Begin XCConfigurationList section */
		9C3F3D612D2D3022000596C2 /* Build configuration list for PBXProject "BlendAR2" */ = {
			isa = XCConfigurationList;
			buildConfigurations = (
				9C3F3D882D2D3024000596C2 /* Debug */,
				9C3F3D892D2D3024000596C2 /* Release */,
			);
			defaultConfigurationIsVisible = 0;
			defaultConfigurationName = Release;
		};
		9C3F3D8A2D2D3024000596C2 /* Build configuration list for PBXNativeTarget "BlendAR2" */ = {
			isa = XCConfigurationList;
			buildConfigurations = (
				9C3F3D8B2D2D3024000596C2 /* Debug */,
				9C3F3D8C2D2D3024000596C2 /* Release */,
			);
			defaultConfigurationIsVisible = 0;
			defaultConfigurationName = Release;
		};
		9C3F3D8D2D2D3024000596C2 /* Build configuration list for PBXNativeTarget "BlendAR2Tests" */ = {
			isa = XCConfigurationList;
			buildConfigurations = (
				9C3F3D8E2D2D3024000596C2 /* Debug */,
				9C3F3D8F2D2D3024000596C2 /* Release */,
			);
			defaultConfigurationIsVisible = 0;
			defaultConfigurationName = Release;
		};
		9C3F3D902D2D3024000596C2 /* Build configuration list for PBXNativeTarget "BlendAR2UITests" */ = {
			isa = XCConfigurationList;
			buildConfigurations = (
				9C3F3D912D2D3024000596C2 /* Debug */,
				9C3F3D922D2D3024000596C2 /* Release */,
			);
			defaultConfigurationIsVisible = 0;
			defaultConfigurationName = Release;
		};
/* End XCConfigurationList section */
	};
	rootObject = 9C3F3D5E2D2D3022000596C2 /* Project object */;
}
